
Microsoft Visual Studio Solution File, Format Version 12.00
# Visual Studio 15
Project("{FAE04EC0-301F-11D3-BF4B-00C04F79EFBC}") = "SteamVR", "SteamVR.csproj", "{724D5A99-3DD7-8933-DAF3-F070D8F437A1}"
EndProject
Project("{FAE04EC0-301F-11D3-BF4B-00C04F79EFBC}") = "SteamVR_Actions", "SteamVR_Actions.csproj", "{E79C7FDB-EEE7-BBA5-DA41-68073791D8C1}"
EndProject
Project("{FAE04EC0-301F-11D3-BF4B-00C04F79EFBC}") = "Assembly-CSharp", "Assembly-CSharp.csproj", "{AAE4DF5A-F31D-CE64-B93B-DECEDAB5A5BC}"
EndProject
Project("{FAE04EC0-301F-11D3-BF4B-00C04F79EFBC}") = "SteamVR_Editor", "SteamVR_Editor.csproj", "{BAEEC3F3-1A95-B13A-A348-08F22AFBE802}"
EndProject
Project("{FAE04EC0-301F-11D3-BF4B-00C04F79EFBC}") = "SteamVR_Input_Editor", "SteamVR_Input_Editor.csproj", "{CF06A028-C457-4D9A-05E5-4724CC27B683}"
EndProject
Project("{FAE04EC0-301F-11D3-BF4B-00C04F79EFBC}") = "SteamVR_Windows_EditorHelper", "SteamVR_Windows_EditorHelper.csproj", "{3CC46732-1911-EA0A-1059-CA816135A7C3}"
EndProject
Global
	GlobalSection(SolutionConfigurationPlatforms) = preSolution
		Debug|Any CPU = Debug|Any CPU
		Release|Any CPU = Release|Any CPU
	EndGlobalSection
	GlobalSection(ProjectConfigurationPlatforms) = postSolution
		{724D5A99-3DD7-8933-DAF3-F070D8F437A1}.Debug|Any CPU.ActiveCfg = Debug|Any CPU
		{724D5A99-3DD7-8933-DAF3-F070D8F437A1}.Debug|Any CPU.Build.0 = Debug|Any CPU
		{724D5A99-3DD7-8933-DAF3-F070D8F437A1}.Release|Any CPU.ActiveCfg = Release|Any CPU
		{724D5A99-3DD7-8933-DAF3-F070D8F437A1}.Release|Any CPU.Build.0 = Release|Any CPU
		{E79C7FDB-EEE7-BBA5-DA41-68073791D8C1}.Debug|Any CPU.ActiveCfg = Debug|Any CPU
		{E79C7FDB-EEE7-BBA5-DA41-68073791D8C1}.Debug|Any CPU.Build.0 = Debug|Any CPU
		{E79C7FDB-EEE7-BBA5-DA41-68073791D8C1}.Release|Any CPU.ActiveCfg = Release|Any CPU
		{E79C7FDB-EEE7-BBA5-DA41-68073791D8C1}.Release|Any CPU.Build.0 = Release|Any CPU
		{AAE4DF5A-F31D-CE64-B93B-DECEDAB5A5BC}.Debug|Any CPU.ActiveCfg = Debug|Any CPU
		{AAE4DF5A-F31D-CE64-B93B-DECEDAB5A5BC}.Debug|Any CPU.Build.0 = Debug|Any CPU
		{AAE4DF5A-F31D-CE64-B93B-DECEDAB5A5BC}.Release|Any CPU.ActiveCfg = Release|Any CPU
		{AAE4DF5A-F31D-CE64-B93B-DECEDAB5A5BC}.Release|Any CPU.Build.0 = Release|Any CPU
		{BAEEC3F3-1A95-B13A-A348-08F22AFBE802}.Debug|Any CPU.ActiveCfg = Debug|Any CPU
		{BAEEC3F3-1A95-B13A-A348-08F22AFBE802}.Debug|Any CPU.Build.0 = Debug|Any CPU
		{BAEEC3F3-1A95-B13A-A348-08F22AFBE802}.Release|Any CPU.ActiveCfg = Release|Any CPU
		{BAEEC3F3-1A95-B13A-A348-08F22AFBE802}.Release|Any CPU.Build.0 = Release|Any CPU
		{CF06A028-C457-4D9A-05E5-4724CC27B683}.Debug|Any CPU.ActiveCfg = Debug|Any CPU
		{CF06A028-C457-4D9A-05E5-4724CC27B683}.Debug|Any CPU.Build.0 = Debug|Any CPU
		{CF06A028-C457-4D9A-05E5-4724CC27B683}.Release|Any CPU.ActiveCfg = Release|Any CPU
		{CF06A028-C457-4D9A-05E5-4724CC27B683}.Release|Any CPU.Build.0 = Release|Any CPU
		{3CC46732-1911-EA0A-1059-CA816135A7C3}.Debug|Any CPU.ActiveCfg = Debug|Any CPU
		{3CC46732-1911-EA0A-1059-CA816135A7C3}.Debug|Any CPU.Build.0 = Debug|Any CPU
		{3CC46732-1911-EA0A-1059-CA816135A7C3}.Release|Any CPU.ActiveCfg = Release|Any CPU
		{3CC46732-1911-EA0A-1059-CA816135A7C3}.Release|Any CPU.Build.0 = Release|Any CPU
	EndGlobalSection
	GlobalSection(SolutionProperties) = preSolution
		HideSolutionNode = FALSE
	EndGlobalSection
EndGlobal
